
Microsoft Visual Studio Solution File, Format Version 12.00
# Visual Studio Version 16
VisualStudioVersion = 16.0.29418.71
MinimumVisualStudioVersion = 10.0.40219.1
Project("{FAE04EC0-301F-11D3-BF4B-00C04F79EFBC}") = "ProyectoIII", "ProyectoIII\ProyectoIII.csproj", "{0E6E066A-CE42-4185-8833-96369ECDE288}"
EndProject
Global
	GlobalSection(SolutionConfigurationPlatforms) = preSolution
		Debug|Any CPU = Debug|Any CPU
		Release|Any CPU = Release|Any CPU
	EndGlobalSection
	GlobalSection(ProjectConfigurationPlatforms) = postSolution
		{0E6E066A-CE42-4185-8833-96369ECDE288}.Debug|Any CPU.ActiveCfg = Debug|Any CPU
		{0E6E066A-CE42-4185-8833-96369ECDE288}.Debug|Any CPU.Build.0 = Debug|Any CPU
		{0E6E066A-CE42-4185-8833-96369ECDE288}.Release|Any CPU.ActiveCfg = Release|Any CPU
		{0E6E066A-CE42-4185-8833-96369ECDE288}.Release|Any CPU.Build.0 = Release|Any CPU
	EndGlobalSection
	GlobalSection(SolutionProperties) = preSolution
		HideSolutionNode = FALSE
	EndGlobalSection
	GlobalSection(ExtensibilityGlobals) = postSolution
		SolutionGuid = {CD8061FC-58FF-4798-A917-C5D42CA02B69}
	EndGlobalSection
EndGlobal
